// !$*UTF8*$!
{
	archiveVersion = 1;
	classes = {
	};
	objectVersion = 46;
	objects = {

/* Begin PBXBuildFile section */
		75DA0B47243601F100586EF0 /* cmark_export.h in Headers */ = {isa = PBXBuildFile; fileRef = OBJ_147 /* cmark_export.h */; };
		75DA0B48243601F100586EF0 /* config.h in Headers */ = {isa = PBXBuildFile; fileRef = OBJ_148 /* config.h */; };
		75DA0B49243601F100586EF0 /* chunk.h in Headers */ = {isa = PBXBuildFile; fileRef = OBJ_149 /* chunk.h */; };
		75DA0B4A243601F100586EF0 /* parser.h in Headers */ = {isa = PBXBuildFile; fileRef = OBJ_150 /* parser.h */; };
		75DA0B4B243601F100586EF0 /* scanners.h in Headers */ = {isa = PBXBuildFile; fileRef = OBJ_151 /* scanners.h */; };
		75DA0B4C243601F100586EF0 /* node.h in Headers */ = {isa = PBXBuildFile; fileRef = OBJ_152 /* node.h */; };
		75DA0B4D243601F100586EF0 /* cmark_version.h in Headers */ = {isa = PBXBuildFile; fileRef = OBJ_153 /* cmark_version.h */; };
		75DA0B4E243601F100586EF0 /* cmark_ctype.h in Headers */ = {isa = PBXBuildFile; fileRef = OBJ_154 /* cmark_ctype.h */; };
		75DA0B4F243601F100586EF0 /* buffer.h in Headers */ = {isa = PBXBuildFile; fileRef = OBJ_155 /* buffer.h */; };
		75DA0B50243601F100586EF0 /* cmark.h in Headers */ = {isa = PBXBuildFile; fileRef = OBJ_156 /* cmark.h */; };
		75DA0B51243601F100586EF0 /* inlines.h in Headers */ = {isa = PBXBuildFile; fileRef = OBJ_157 /* inlines.h */; };
		75DA0B52243601F100586EF0 /* houdini.h in Headers */ = {isa = PBXBuildFile; fileRef = OBJ_158 /* houdini.h */; };
		75DA0B53243601F100586EF0 /* iterator.h in Headers */ = {isa = PBXBuildFile; fileRef = OBJ_159 /* iterator.h */; };
		75DA0B54243601F100586EF0 /* utf8.h in Headers */ = {isa = PBXBuildFile; fileRef = OBJ_160 /* utf8.h */; };
		75DA0B55243601F100586EF0 /* references.h in Headers */ = {isa = PBXBuildFile; fileRef = OBJ_161 /* references.h */; };
		75DA0B56243601F100586EF0 /* render.h in Headers */ = {isa = PBXBuildFile; fileRef = OBJ_162 /* render.h */; };
		75DA0B582436022900586EF0 /* Cartfile.private in Resources */ = {isa = PBXBuildFile; fileRef = OBJ_193 /* Cartfile.private */; };
		75DA0B5C2436026000586EF0 /* DownView.bundle in Resources */ = {isa = PBXBuildFile; fileRef = 75DA0B5B2436026000586EF0 /* DownView.bundle */; };
		75DA0B5D2436047E00586EF0 /* blocks.c in Sources */ = {isa = PBXBuildFile; fileRef = OBJ_128 /* blocks.c */; settings = {COMPILER_FLAGS = "-w -Xanalyzer -analyzer-disable-all-checks"; }; };
		75DA0B5E2436047E00586EF0 /* buffer.c in Sources */ = {isa = PBXBuildFile; fileRef = OBJ_129 /* buffer.c */; settings = {COMPILER_FLAGS = "-w -Xanalyzer -analyzer-disable-all-checks"; }; };
		75DA0B5F2436047E00586EF0 /* cmark.c in Sources */ = {isa = PBXBuildFile; fileRef = OBJ_130 /* cmark.c */; settings = {COMPILER_FLAGS = "-w -Xanalyzer -analyzer-disable-all-checks"; }; };
		75DA0B602436047E00586EF0 /* cmark_ctype.c in Sources */ = {isa = PBXBuildFile; fileRef = OBJ_131 /* cmark_ctype.c */; settings = {COMPILER_FLAGS = "-w -Xanalyzer -analyzer-disable-all-checks"; }; };
		75DA0B612436047E00586EF0 /* commonmark.c in Sources */ = {isa = PBXBuildFile; fileRef = OBJ_132 /* commonmark.c */; settings = {COMPILER_FLAGS = "-w -Xanalyzer -analyzer-disable-all-checks"; }; };
		75DA0B622436047E00586EF0 /* houdini_href_e.c in Sources */ = {isa = PBXBuildFile; fileRef = OBJ_133 /* houdini_href_e.c */; settings = {COMPILER_FLAGS = "-w -Xanalyzer -analyzer-disable-all-checks"; }; };
		75DA0B632436047E00586EF0 /* houdini_html_e.c in Sources */ = {isa = PBXBuildFile; fileRef = OBJ_134 /* houdini_html_e.c */; settings = {COMPILER_FLAGS = "-w -Xanalyzer -analyzer-disable-all-checks"; }; };
		75DA0B642436047E00586EF0 /* houdini_html_u.c in Sources */ = {isa = PBXBuildFile; fileRef = OBJ_135 /* houdini_html_u.c */; settings = {COMPILER_FLAGS = "-w -Xanalyzer -analyzer-disable-all-checks"; }; };
		75DA0B652436047E00586EF0 /* html.c in Sources */ = {isa = PBXBuildFile; fileRef = OBJ_136 /* html.c */; settings = {COMPILER_FLAGS = "-w -Xanalyzer -analyzer-disable-all-checks"; }; };
		75DA0B662436047E00586EF0 /* inlines.c in Sources */ = {isa = PBXBuildFile; fileRef = OBJ_137 /* inlines.c */; settings = {COMPILER_FLAGS = "-w -Xanalyzer -analyzer-disable-all-checks"; }; };
		75DA0B672436047E00586EF0 /* iterator.c in Sources */ = {isa = PBXBuildFile; fileRef = OBJ_138 /* iterator.c */; settings = {COMPILER_FLAGS = "-w -Xanalyzer -analyzer-disable-all-checks"; }; };
		75DA0B682436047E00586EF0 /* latex.c in Sources */ = {isa = PBXBuildFile; fileRef = OBJ_139 /* latex.c */; settings = {COMPILER_FLAGS = "-w -Xanalyzer -analyzer-disable-all-checks"; }; };
		75DA0B692436047E00586EF0 /* man.c in Sources */ = {isa = PBXBuildFile; fileRef = OBJ_140 /* man.c */; settings = {COMPILER_FLAGS = "-w -Xanalyzer -analyzer-disable-all-checks"; }; };
		75DA0B6A2436047E00586EF0 /* node.c in Sources */ = {isa = PBXBuildFile; fileRef = OBJ_141 /* node.c */; settings = {COMPILER_FLAGS = "-w -Xanalyzer -analyzer-disable-all-checks"; }; };
		75DA0B6B2436047E00586EF0 /* references.c in Sources */ = {isa = PBXBuildFile; fileRef = OBJ_142 /* references.c */; settings = {COMPILER_FLAGS = "-w -Xanalyzer -analyzer-disable-all-checks"; }; };
		75DA0B6C2436047E00586EF0 /* render.c in Sources */ = {isa = PBXBuildFile; fileRef = OBJ_143 /* render.c */; settings = {COMPILER_FLAGS = "-w -Xanalyzer -analyzer-disable-all-checks"; }; };
		75DA0B6D2436047E00586EF0 /* scanners.c in Sources */ = {isa = PBXBuildFile; fileRef = OBJ_144 /* scanners.c */; settings = {COMPILER_FLAGS = "-w -Xanalyzer -analyzer-disable-all-checks"; }; };
		75DA0B6E2436047E00586EF0 /* utf8.c in Sources */ = {isa = PBXBuildFile; fileRef = OBJ_145 /* utf8.c */; settings = {COMPILER_FLAGS = "-w -Xanalyzer -analyzer-disable-all-checks"; }; };
		75DA0B6F2436047E00586EF0 /* xml.c in Sources */ = {isa = PBXBuildFile; fileRef = OBJ_146 /* xml.c */; settings = {COMPILER_FLAGS = "-w -Xanalyzer -analyzer-disable-all-checks"; }; };
		OBJ_199 /* BaseNode.swift in Sources */ = {isa = PBXBuildFile; fileRef = OBJ_12 /* BaseNode.swift */; };
		OBJ_200 /* BlockQuote.swift in Sources */ = {isa = PBXBuildFile; fileRef = OBJ_13 /* BlockQuote.swift */; };
		OBJ_201 /* Code.swift in Sources */ = {isa = PBXBuildFile; fileRef = OBJ_14 /* Code.swift */; };
		OBJ_202 /* CodeBlock.swift in Sources */ = {isa = PBXBuildFile; fileRef = OBJ_15 /* CodeBlock.swift */; };
		OBJ_203 /* CustomBlock.swift in Sources */ = {isa = PBXBuildFile; fileRef = OBJ_16 /* CustomBlock.swift */; };
		OBJ_204 /* CustomInline.swift in Sources */ = {isa = PBXBuildFile; fileRef = OBJ_17 /* CustomInline.swift */; };
		OBJ_205 /* Document.swift in Sources */ = {isa = PBXBuildFile; fileRef = OBJ_18 /* Document.swift */; };
		OBJ_206 /* Emphasis.swift in Sources */ = {isa = PBXBuildFile; fileRef = OBJ_19 /* Emphasis.swift */; };
		OBJ_207 /* Heading.swift in Sources */ = {isa = PBXBuildFile; fileRef = OBJ_20 /* Heading.swift */; };
		OBJ_208 /* HtmlBlock.swift in Sources */ = {isa = PBXBuildFile; fileRef = OBJ_21 /* HtmlBlock.swift */; };
		OBJ_209 /* HtmlInline.swift in Sources */ = {isa = PBXBuildFile; fileRef = OBJ_22 /* HtmlInline.swift */; };
		OBJ_210 /* Image.swift in Sources */ = {isa = PBXBuildFile; fileRef = OBJ_23 /* Image.swift */; };
		OBJ_211 /* Item.swift in Sources */ = {isa = PBXBuildFile; fileRef = OBJ_24 /* Item.swift */; };
		OBJ_212 /* LineBreak.swift in Sources */ = {isa = PBXBuildFile; fileRef = OBJ_25 /* LineBreak.swift */; };
		OBJ_213 /* Link.swift in Sources */ = {isa = PBXBuildFile; fileRef = OBJ_26 /* Link.swift */; };
		OBJ_214 /* List.swift in Sources */ = {isa = PBXBuildFile; fileRef = OBJ_27 /* List.swift */; };
		OBJ_215 /* Node.swift in Sources */ = {isa = PBXBuildFile; fileRef = OBJ_28 /* Node.swift */; };
		OBJ_216 /* Paragraph.swift in Sources */ = {isa = PBXBuildFile; fileRef = OBJ_29 /* Paragraph.swift */; };
		OBJ_217 /* SoftBreak.swift in Sources */ = {isa = PBXBuildFile; fileRef = OBJ_30 /* SoftBreak.swift */; };
		OBJ_218 /* Strong.swift in Sources */ = {isa = PBXBuildFile; fileRef = OBJ_31 /* Strong.swift */; };
		OBJ_219 /* Text.swift in Sources */ = {isa = PBXBuildFile; fileRef = OBJ_32 /* Text.swift */; };
		OBJ_220 /* ThematicBreak.swift in Sources */ = {isa = PBXBuildFile; fileRef = OBJ_33 /* ThematicBreak.swift */; };
		OBJ_221 /* ColorCollection.swift in Sources */ = {isa = PBXBuildFile; fileRef = OBJ_36 /* ColorCollection.swift */; };
		OBJ_222 /* FontCollection.swift in Sources */ = {isa = PBXBuildFile; fileRef = OBJ_37 /* FontCollection.swift */; };
		OBJ_223 /* ParagraphStyleCollection.swift in Sources */ = {isa = PBXBuildFile; fileRef = OBJ_38 /* ParagraphStyleCollection.swift */; };
		OBJ_224 /* BlockBackgroundColorAttribute.swift in Sources */ = {isa = PBXBuildFile; fileRef = OBJ_40 /* BlockBackgroundColorAttribute.swift */; };
		OBJ_225 /* QuoteStripeAttribute.swift in Sources */ = {isa = PBXBuildFile; fileRef = OBJ_41 /* QuoteStripeAttribute.swift */; };
		OBJ_226 /* ThematicBreakAttribute.swift in Sources */ = {isa = PBXBuildFile; fileRef = OBJ_42 /* ThematicBreakAttribute.swift */; };
		OBJ_227 /* CGPoint+Translate.swift in Sources */ = {isa = PBXBuildFile; fileRef = OBJ_45 /* CGPoint+Translate.swift */; };
		OBJ_228 /* CGRect+Helpers.swift in Sources */ = {isa = PBXBuildFile; fileRef = OBJ_46 /* CGRect+Helpers.swift */; };
		OBJ_229 /* NSAttributedString+Helpers.swift in Sources */ = {isa = PBXBuildFile; fileRef = OBJ_47 /* NSAttributedString+Helpers.swift */; };
		OBJ_230 /* NSMutableAttributedString+Attributes.swift in Sources */ = {isa = PBXBuildFile; fileRef = OBJ_48 /* NSMutableAttributedString+Attributes.swift */; };
		OBJ_231 /* UIFont+Traits.swift in Sources */ = {isa = PBXBuildFile; fileRef = OBJ_49 /* UIFont+Traits.swift */; };
		OBJ_232 /* ListItemParagraphStyler.swift in Sources */ = {isa = PBXBuildFile; fileRef = OBJ_50 /* ListItemParagraphStyler.swift */; };
		OBJ_233 /* DownDebugLayoutManager.swift in Sources */ = {isa = PBXBuildFile; fileRef = OBJ_52 /* DownDebugLayoutManager.swift */; };
		OBJ_234 /* DownLayoutManager.swift in Sources */ = {isa = PBXBuildFile; fileRef = OBJ_53 /* DownLayoutManager.swift */; };
		OBJ_235 /* CodeBlockOptions.swift in Sources */ = {isa = PBXBuildFile; fileRef = OBJ_55 /* CodeBlockOptions.swift */; };
		OBJ_236 /* ListItemOptions.swift in Sources */ = {isa = PBXBuildFile; fileRef = OBJ_56 /* ListItemOptions.swift */; };
		OBJ_237 /* QuoteStripeOptions.swift in Sources */ = {isa = PBXBuildFile; fileRef = OBJ_57 /* QuoteStripeOptions.swift */; };
		OBJ_238 /* ThematicBreakOptions.swift in Sources */ = {isa = PBXBuildFile; fileRef = OBJ_58 /* ThematicBreakOptions.swift */; };
		OBJ_239 /* DownStyler.swift in Sources */ = {isa = PBXBuildFile; fileRef = OBJ_60 /* DownStyler.swift */; };
		OBJ_240 /* DownStylerConfiguration.swift in Sources */ = {isa = PBXBuildFile; fileRef = OBJ_61 /* DownStylerConfiguration.swift */; };
		OBJ_241 /* Styler.swift in Sources */ = {isa = PBXBuildFile; fileRef = OBJ_62 /* Styler.swift */; };
		OBJ_242 /* DownDebugTextView.swift in Sources */ = {isa = PBXBuildFile; fileRef = OBJ_64 /* DownDebugTextView.swift */; };
		OBJ_243 /* DownTextView.swift in Sources */ = {isa = PBXBuildFile; fileRef = OBJ_65 /* DownTextView.swift */; };
		OBJ_244 /* AttributedStringVisitor.swift in Sources */ = {isa = PBXBuildFile; fileRef = OBJ_67 /* AttributedStringVisitor.swift */; };
		OBJ_245 /* DebugVisitor.swift in Sources */ = {isa = PBXBuildFile; fileRef = OBJ_68 /* DebugVisitor.swift */; };
		OBJ_246 /* ListItemPrefixGenerator.swift in Sources */ = {isa = PBXBuildFile; fileRef = OBJ_69 /* ListItemPrefixGenerator.swift */; };
		OBJ_247 /* Vistor.swift in Sources */ = {isa = PBXBuildFile; fileRef = OBJ_70 /* Vistor.swift */; };
		OBJ_248 /* Down.swift in Sources */ = {isa = PBXBuildFile; fileRef = OBJ_71 /* Down.swift */; };
		OBJ_249 /* DownErrors.swift in Sources */ = {isa = PBXBuildFile; fileRef = OBJ_73 /* DownErrors.swift */; };
		OBJ_250 /* DownOptions.swift in Sources */ = {isa = PBXBuildFile; fileRef = OBJ_74 /* DownOptions.swift */; };
		OBJ_251 /* NSAttributedString+HTML.swift in Sources */ = {isa = PBXBuildFile; fileRef = OBJ_76 /* NSAttributedString+HTML.swift */; };
		OBJ_252 /* String+ToHTML.swift in Sources */ = {isa = PBXBuildFile; fileRef = OBJ_77 /* String+ToHTML.swift */; };
		OBJ_253 /* DownASTRenderable.swift in Sources */ = {isa = PBXBuildFile; fileRef = OBJ_79 /* DownASTRenderable.swift */; };
		OBJ_254 /* DownAttributedStringRenderable.swift in Sources */ = {isa = PBXBuildFile; fileRef = OBJ_80 /* DownAttributedStringRenderable.swift */; };
		OBJ_255 /* DownCommonMarkRenderable.swift in Sources */ = {isa = PBXBuildFile; fileRef = OBJ_81 /* DownCommonMarkRenderable.swift */; };
		OBJ_256 /* DownGroffRenderable.swift in Sources */ = {isa = PBXBuildFile; fileRef = OBJ_82 /* DownGroffRenderable.swift */; };
		OBJ_257 /* DownHTMLRenderable.swift in Sources */ = {isa = PBXBuildFile; fileRef = OBJ_83 /* DownHTMLRenderable.swift */; };
		OBJ_258 /* DownLaTeXRenderable.swift in Sources */ = {isa = PBXBuildFile; fileRef = OBJ_84 /* DownLaTeXRenderable.swift */; };
		OBJ_259 /* DownRenderable.swift in Sources */ = {isa = PBXBuildFile; fileRef = OBJ_85 /* DownRenderable.swift */; };
		OBJ_260 /* DownXMLRenderable.swift in Sources */ = {isa = PBXBuildFile; fileRef = OBJ_86 /* DownXMLRenderable.swift */; };
		OBJ_261 /* DownView.swift in Sources */ = {isa = PBXBuildFile; fileRef = OBJ_88 /* DownView.swift */; };
		OBJ_282 /* ListItemPrefixGeneratorTests.swift in Sources */ = {isa = PBXBuildFile; fileRef = OBJ_166 /* ListItemPrefixGeneratorTests.swift */; };
		OBJ_283 /* NodeTests.swift in Sources */ = {isa = PBXBuildFile; fileRef = OBJ_167 /* NodeTests.swift */; };
		OBJ_284 /* BindingTests.swift in Sources */ = {isa = PBXBuildFile; fileRef = OBJ_168 /* BindingTests.swift */; };
		OBJ_285 /* NSAttributedStringTests.swift in Sources */ = {isa = PBXBuildFile; fileRef = OBJ_169 /* NSAttributedStringTests.swift */; };
		OBJ_286 /* StringTests.swift in Sources */ = {isa = PBXBuildFile; fileRef = OBJ_170 /* StringTests.swift */; };
		OBJ_287 /* CGPoint_TranslateTests.swift in Sources */ = {isa = PBXBuildFile; fileRef = OBJ_173 /* CGPoint_TranslateTests.swift */; };
		OBJ_288 /* CGRect_HelpersTests.swift in Sources */ = {isa = PBXBuildFile; fileRef = OBJ_174 /* CGRect_HelpersTests.swift */; };
		OBJ_289 /* NSAttributedString+HelpersTests.swift in Sources */ = {isa = PBXBuildFile; fileRef = OBJ_175 /* NSAttributedString+HelpersTests.swift */; };
		OBJ_290 /* NSMutableAttributedString+AttributesTests.swift in Sources */ = {isa = PBXBuildFile; fileRef = OBJ_176 /* NSMutableAttributedString+AttributesTests.swift */; };
		OBJ_292 /* Down.framework in Frameworks */ = {isa = PBXBuildFile; fileRef = "Down::Down::Product" /* Down.framework */; };
/* End PBXBuildFile section */

/* Begin PBXContainerItemProxy section */
		75C5113C2435F9FF00AD917C /* PBXContainerItemProxy */ = {
			isa = PBXContainerItemProxy;
			containerPortal = OBJ_1 /* Project object */;
			proxyType = 1;
			remoteGlobalIDString = "Down::Down";
			remoteInfo = Down;
		};
/* End PBXContainerItemProxy section */

/* Begin PBXFileReference section */
		75DA0B5B2436026000586EF0 /* DownView.bundle */ = {isa = PBXFileReference; lastKnownFileType = "wrapper.plug-in"; path = DownView.bundle; sourceTree = "<group>"; };
		"Down::Down::Product" /* Down.framework */ = {isa = PBXFileReference; explicitFileType = wrapper.framework; path = Down.framework; sourceTree = BUILT_PRODUCTS_DIR; };
		"Down::DownTests::Product" /* DownTests.xctest */ = {isa = PBXFileReference; lastKnownFileType = file; path = DownTests.xctest; sourceTree = BUILT_PRODUCTS_DIR; };
		OBJ_100 /* buffer.h */ = {isa = PBXFileReference; lastKnownFileType = sourcecode.c.h; path = buffer.h; sourceTree = "<group>"; };
		OBJ_101 /* COPYING */ = {isa = PBXFileReference; lastKnownFileType = text; path = COPYING; sourceTree = "<group>"; };
		OBJ_102 /* cmark.h */ = {isa = PBXFileReference; lastKnownFileType = sourcecode.c.h; path = cmark.h; sourceTree = "<group>"; };
		OBJ_103 /* inlines.h */ = {isa = PBXFileReference; lastKnownFileType = sourcecode.c.h; path = inlines.h; sourceTree = "<group>"; };
		OBJ_104 /* houdini.h */ = {isa = PBXFileReference; lastKnownFileType = sourcecode.c.h; path = houdini.h; sourceTree = "<group>"; };
		OBJ_105 /* iterator.h */ = {isa = PBXFileReference; lastKnownFileType = sourcecode.c.h; path = iterator.h; sourceTree = "<group>"; };
		OBJ_106 /* utf8.h */ = {isa = PBXFileReference; lastKnownFileType = sourcecode.c.h; path = utf8.h; sourceTree = "<group>"; };
		OBJ_107 /* references.h */ = {isa = PBXFileReference; lastKnownFileType = sourcecode.c.h; path = references.h; sourceTree = "<group>"; };
		OBJ_108 /* render.h */ = {isa = PBXFileReference; lastKnownFileType = sourcecode.c.h; path = render.h; sourceTree = "<group>"; };
		OBJ_109 /* cmark_export.h */ = {isa = PBXFileReference; lastKnownFileType = sourcecode.c.h; path = cmark_export.h; sourceTree = "<group>"; };
		OBJ_110 /* config.h */ = {isa = PBXFileReference; lastKnownFileType = sourcecode.c.h; path = config.h; sourceTree = "<group>"; };
		OBJ_111 /* chunk.h */ = {isa = PBXFileReference; lastKnownFileType = sourcecode.c.h; path = chunk.h; sourceTree = "<group>"; };
		OBJ_112 /* case_fold_switch.inc */ = {isa = PBXFileReference; lastKnownFileType = sourcecode.pascal; path = case_fold_switch.inc; sourceTree = "<group>"; };
		OBJ_113 /* entities.inc */ = {isa = PBXFileReference; lastKnownFileType = sourcecode.pascal; path = entities.inc; sourceTree = "<group>"; };
		OBJ_114 /* parser.h */ = {isa = PBXFileReference; lastKnownFileType = sourcecode.c.h; path = parser.h; sourceTree = "<group>"; };
		OBJ_115 /* scanners.h */ = {isa = PBXFileReference; lastKnownFileType = sourcecode.c.h; path = scanners.h; sourceTree = "<group>"; };
		OBJ_116 /* node.h */ = {isa = PBXFileReference; lastKnownFileType = sourcecode.c.h; path = node.h; sourceTree = "<group>"; };
		OBJ_117 /* cmark_version.h */ = {isa = PBXFileReference; lastKnownFileType = sourcecode.c.h; path = cmark_version.h; sourceTree = "<group>"; };
		OBJ_118 /* cmark_ctype.h */ = {isa = PBXFileReference; lastKnownFileType = sourcecode.c.h; path = cmark_ctype.h; sourceTree = "<group>"; };
		OBJ_119 /* buffer.h */ = {isa = PBXFileReference; lastKnownFileType = sourcecode.c.h; path = buffer.h; sourceTree = "<group>"; };
		OBJ_12 /* BaseNode.swift */ = {isa = PBXFileReference; lastKnownFileType = sourcecode.swift; path = BaseNode.swift; sourceTree = "<group>"; };
		OBJ_120 /* COPYING */ = {isa = PBXFileReference; lastKnownFileType = text; path = COPYING; sourceTree = "<group>"; };
		OBJ_121 /* cmark.h */ = {isa = PBXFileReference; lastKnownFileType = sourcecode.c.h; path = cmark.h; sourceTree = "<group>"; };
		OBJ_122 /* inlines.h */ = {isa = PBXFileReference; lastKnownFileType = sourcecode.c.h; path = inlines.h; sourceTree = "<group>"; };
		OBJ_123 /* houdini.h */ = {isa = PBXFileReference; lastKnownFileType = sourcecode.c.h; path = houdini.h; sourceTree = "<group>"; };
		OBJ_124 /* iterator.h */ = {isa = PBXFileReference; lastKnownFileType = sourcecode.c.h; path = iterator.h; sourceTree = "<group>"; };
		OBJ_125 /* utf8.h */ = {isa = PBXFileReference; lastKnownFileType = sourcecode.c.h; path = utf8.h; sourceTree = "<group>"; };
		OBJ_126 /* references.h */ = {isa = PBXFileReference; lastKnownFileType = sourcecode.c.h; path = references.h; sourceTree = "<group>"; };
		OBJ_127 /* render.h */ = {isa = PBXFileReference; lastKnownFileType = sourcecode.c.h; path = render.h; sourceTree = "<group>"; };
		OBJ_128 /* blocks.c */ = {isa = PBXFileReference; lastKnownFileType = sourcecode.c.c; path = blocks.c; sourceTree = "<group>"; };
		OBJ_129 /* buffer.c */ = {isa = PBXFileReference; lastKnownFileType = sourcecode.c.c; path = buffer.c; sourceTree = "<group>"; };
		OBJ_13 /* BlockQuote.swift */ = {isa = PBXFileReference; lastKnownFileType = sourcecode.swift; path = BlockQuote.swift; sourceTree = "<group>"; };
		OBJ_130 /* cmark.c */ = {isa = PBXFileReference; lastKnownFileType = sourcecode.c.c; path = cmark.c; sourceTree = "<group>"; };
		OBJ_131 /* cmark_ctype.c */ = {isa = PBXFileReference; lastKnownFileType = sourcecode.c.c; path = cmark_ctype.c; sourceTree = "<group>"; };
		OBJ_132 /* commonmark.c */ = {isa = PBXFileReference; lastKnownFileType = sourcecode.c.c; path = commonmark.c; sourceTree = "<group>"; };
		OBJ_133 /* houdini_href_e.c */ = {isa = PBXFileReference; lastKnownFileType = sourcecode.c.c; path = houdini_href_e.c; sourceTree = "<group>"; };
		OBJ_134 /* houdini_html_e.c */ = {isa = PBXFileReference; lastKnownFileType = sourcecode.c.c; path = houdini_html_e.c; sourceTree = "<group>"; };
		OBJ_135 /* houdini_html_u.c */ = {isa = PBXFileReference; lastKnownFileType = sourcecode.c.c; path = houdini_html_u.c; sourceTree = "<group>"; };
		OBJ_136 /* html.c */ = {isa = PBXFileReference; lastKnownFileType = sourcecode.c.c; path = html.c; sourceTree = "<group>"; };
		OBJ_137 /* inlines.c */ = {isa = PBXFileReference; lastKnownFileType = sourcecode.c.c; path = inlines.c; sourceTree = "<group>"; };
		OBJ_138 /* iterator.c */ = {isa = PBXFileReference; lastKnownFileType = sourcecode.c.c; path = iterator.c; sourceTree = "<group>"; };
		OBJ_139 /* latex.c */ = {isa = PBXFileReference; lastKnownFileType = sourcecode.c.c; path = latex.c; sourceTree = "<group>"; };
		OBJ_14 /* Code.swift */ = {isa = PBXFileReference; lastKnownFileType = sourcecode.swift; path = Code.swift; sourceTree = "<group>"; };
		OBJ_140 /* man.c */ = {isa = PBXFileReference; lastKnownFileType = sourcecode.c.c; path = man.c; sourceTree = "<group>"; };
		OBJ_141 /* node.c */ = {isa = PBXFileReference; lastKnownFileType = sourcecode.c.c; path = node.c; sourceTree = "<group>"; };
		OBJ_142 /* references.c */ = {isa = PBXFileReference; lastKnownFileType = sourcecode.c.c; path = references.c; sourceTree = "<group>"; };
		OBJ_143 /* render.c */ = {isa = PBXFileReference; lastKnownFileType = sourcecode.c.c; path = render.c; sourceTree = "<group>"; };
		OBJ_144 /* scanners.c */ = {isa = PBXFileReference; lastKnownFileType = sourcecode.c.c; path = scanners.c; sourceTree = "<group>"; };
		OBJ_145 /* utf8.c */ = {isa = PBXFileReference; lastKnownFileType = sourcecode.c.c; path = utf8.c; sourceTree = "<group>"; };
		OBJ_146 /* xml.c */ = {isa = PBXFileReference; lastKnownFileType = sourcecode.c.c; path = xml.c; sourceTree = "<group>"; };
		OBJ_147 /* cmark_export.h */ = {isa = PBXFileReference; lastKnownFileType = sourcecode.c.h; path = cmark_export.h; sourceTree = "<group>"; };
		OBJ_148 /* config.h */ = {isa = PBXFileReference; lastKnownFileType = sourcecode.c.h; path = config.h; sourceTree = "<group>"; };
		OBJ_149 /* chunk.h */ = {isa = PBXFileReference; lastKnownFileType = sourcecode.c.h; path = chunk.h; sourceTree = "<group>"; };
		OBJ_15 /* CodeBlock.swift */ = {isa = PBXFileReference; lastKnownFileType = sourcecode.swift; path = CodeBlock.swift; sourceTree = "<group>"; };
		OBJ_150 /* parser.h */ = {isa = PBXFileReference; lastKnownFileType = sourcecode.c.h; path = parser.h; sourceTree = "<group>"; };
		OBJ_151 /* scanners.h */ = {isa = PBXFileReference; lastKnownFileType = sourcecode.c.h; path = scanners.h; sourceTree = "<group>"; };
		OBJ_152 /* node.h */ = {isa = PBXFileReference; lastKnownFileType = sourcecode.c.h; path = node.h; sourceTree = "<group>"; };
		OBJ_153 /* cmark_version.h */ = {isa = PBXFileReference; lastKnownFileType = sourcecode.c.h; path = cmark_version.h; sourceTree = "<group>"; };
		OBJ_154 /* cmark_ctype.h */ = {isa = PBXFileReference; lastKnownFileType = sourcecode.c.h; path = cmark_ctype.h; sourceTree = "<group>"; };
		OBJ_155 /* buffer.h */ = {isa = PBXFileReference; lastKnownFileType = sourcecode.c.h; path = buffer.h; sourceTree = "<group>"; };
		OBJ_156 /* cmark.h */ = {isa = PBXFileReference; lastKnownFileType = sourcecode.c.h; path = cmark.h; sourceTree = "<group>"; };
		OBJ_157 /* inlines.h */ = {isa = PBXFileReference; lastKnownFileType = sourcecode.c.h; path = inlines.h; sourceTree = "<group>"; };
		OBJ_158 /* houdini.h */ = {isa = PBXFileReference; lastKnownFileType = sourcecode.c.h; path = houdini.h; sourceTree = "<group>"; };
		OBJ_159 /* iterator.h */ = {isa = PBXFileReference; lastKnownFileType = sourcecode.c.h; path = iterator.h; sourceTree = "<group>"; };
		OBJ_16 /* CustomBlock.swift */ = {isa = PBXFileReference; lastKnownFileType = sourcecode.swift; path = CustomBlock.swift; sourceTree = "<group>"; };
		OBJ_160 /* utf8.h */ = {isa = PBXFileReference; lastKnownFileType = sourcecode.c.h; path = utf8.h; sourceTree = "<group>"; };
		OBJ_161 /* references.h */ = {isa = PBXFileReference; lastKnownFileType = sourcecode.c.h; path = references.h; sourceTree = "<group>"; };
		OBJ_162 /* render.h */ = {isa = PBXFileReference; lastKnownFileType = sourcecode.c.h; path = render.h; sourceTree = "<group>"; };
		OBJ_163 /* module.modulemap */ = {isa = PBXFileReference; lastKnownFileType = "sourcecode.module-map"; name = module.modulemap; path = /Users/amling/projects/goGraphically/Down/Down.xcodeproj/GeneratedModuleMap/libcmark/module.modulemap; sourceTree = "<group>"; };
		OBJ_166 /* ListItemPrefixGeneratorTests.swift */ = {isa = PBXFileReference; lastKnownFileType = sourcecode.swift; path = ListItemPrefixGeneratorTests.swift; sourceTree = "<group>"; };
		OBJ_167 /* NodeTests.swift */ = {isa = PBXFileReference; lastKnownFileType = sourcecode.swift; path = NodeTests.swift; sourceTree = "<group>"; };
		OBJ_168 /* BindingTests.swift */ = {isa = PBXFileReference; lastKnownFileType = sourcecode.swift; path = BindingTests.swift; sourceTree = "<group>"; };
		OBJ_169 /* NSAttributedStringTests.swift */ = {isa = PBXFileReference; lastKnownFileType = sourcecode.swift; path = NSAttributedStringTests.swift; sourceTree = "<group>"; };
		OBJ_17 /* CustomInline.swift */ = {isa = PBXFileReference; lastKnownFileType = sourcecode.swift; path = CustomInline.swift; sourceTree = "<group>"; };
		OBJ_170 /* StringTests.swift */ = {isa = PBXFileReference; lastKnownFileType = sourcecode.swift; path = StringTests.swift; sourceTree = "<group>"; };
		OBJ_173 /* CGPoint_TranslateTests.swift */ = {isa = PBXFileReference; lastKnownFileType = sourcecode.swift; path = CGPoint_TranslateTests.swift; sourceTree = "<group>"; };
		OBJ_174 /* CGRect_HelpersTests.swift */ = {isa = PBXFileReference; lastKnownFileType = sourcecode.swift; path = CGRect_HelpersTests.swift; sourceTree = "<group>"; };
		OBJ_175 /* NSAttributedString+HelpersTests.swift */ = {isa = PBXFileReference; lastKnownFileType = sourcecode.swift; path = "NSAttributedString+HelpersTests.swift"; sourceTree = "<group>"; };
		OBJ_176 /* NSMutableAttributedString+AttributesTests.swift */ = {isa = PBXFileReference; lastKnownFileType = sourcecode.swift; path = "NSMutableAttributedString+AttributesTests.swift"; sourceTree = "<group>"; };
		OBJ_18 /* Document.swift */ = {isa = PBXFileReference; lastKnownFileType = sourcecode.swift; path = Document.swift; sourceTree = "<group>"; };
		OBJ_181 /* docker */ = {isa = PBXFileReference; lastKnownFileType = folder; path = docker; sourceTree = SOURCE_ROOT; };
		OBJ_182 /* Images */ = {isa = PBXFileReference; lastKnownFileType = folder; path = Images; sourceTree = SOURCE_ROOT; };
		OBJ_183 /* DownSnapshotTests */ = {isa = PBXFileReference; lastKnownFileType = folder; path = DownSnapshotTests; sourceTree = SOURCE_ROOT; };
		OBJ_184 /* Resources */ = {isa = PBXFileReference; lastKnownFileType = folder; path = Resources; sourceTree = SOURCE_ROOT; };
		OBJ_185 /* Carthage */ = {isa = PBXFileReference; lastKnownFileType = folder; path = Carthage; sourceTree = SOURCE_ROOT; };
		OBJ_186 /* Down-Example */ = {isa = PBXFileReference; lastKnownFileType = folder; path = "Down-Example"; sourceTree = SOURCE_ROOT; };
		OBJ_187 /* Cartfile.resolved */ = {isa = PBXFileReference; lastKnownFileType = text; path = Cartfile.resolved; sourceTree = "<group>"; };
		OBJ_188 /* codecov.yml */ = {isa = PBXFileReference; lastKnownFileType = text.yaml; path = codecov.yml; sourceTree = "<group>"; };
		OBJ_189 /* LICENSE */ = {isa = PBXFileReference; lastKnownFileType = text; path = LICENSE; sourceTree = "<group>"; };
		OBJ_19 /* Emphasis.swift */ = {isa = PBXFileReference; lastKnownFileType = sourcecode.swift; path = Emphasis.swift; sourceTree = "<group>"; };
		OBJ_190 /* CHANGELOG.md */ = {isa = PBXFileReference; lastKnownFileType = net.daringfireball.markdown; path = CHANGELOG.md; sourceTree = "<group>"; };
		OBJ_191 /* README.md */ = {isa = PBXFileReference; lastKnownFileType = net.daringfireball.markdown; path = README.md; sourceTree = "<group>"; };
		OBJ_192 /* Down.podspec */ = {isa = PBXFileReference; lastKnownFileType = text; path = Down.podspec; sourceTree = "<group>"; };
		OBJ_193 /* Cartfile.private */ = {isa = PBXFileReference; lastKnownFileType = text; path = Cartfile.private; sourceTree = "<group>"; };
		OBJ_20 /* Heading.swift */ = {isa = PBXFileReference; lastKnownFileType = sourcecode.swift; path = Heading.swift; sourceTree = "<group>"; };
		OBJ_21 /* HtmlBlock.swift */ = {isa = PBXFileReference; lastKnownFileType = sourcecode.swift; path = HtmlBlock.swift; sourceTree = "<group>"; };
		OBJ_22 /* HtmlInline.swift */ = {isa = PBXFileReference; lastKnownFileType = sourcecode.swift; path = HtmlInline.swift; sourceTree = "<group>"; };
		OBJ_23 /* Image.swift */ = {isa = PBXFileReference; lastKnownFileType = sourcecode.swift; path = Image.swift; sourceTree = "<group>"; };
		OBJ_24 /* Item.swift */ = {isa = PBXFileReference; lastKnownFileType = sourcecode.swift; path = Item.swift; sourceTree = "<group>"; };
		OBJ_25 /* LineBreak.swift */ = {isa = PBXFileReference; lastKnownFileType = sourcecode.swift; path = LineBreak.swift; sourceTree = "<group>"; };
		OBJ_26 /* Link.swift */ = {isa = PBXFileReference; lastKnownFileType = sourcecode.swift; path = Link.swift; sourceTree = "<group>"; };
		OBJ_27 /* List.swift */ = {isa = PBXFileReference; lastKnownFileType = sourcecode.swift; path = List.swift; sourceTree = "<group>"; };
		OBJ_28 /* Node.swift */ = {isa = PBXFileReference; lastKnownFileType = sourcecode.swift; path = Node.swift; sourceTree = "<group>"; };
		OBJ_29 /* Paragraph.swift */ = {isa = PBXFileReference; lastKnownFileType = sourcecode.swift; path = Paragraph.swift; sourceTree = "<group>"; };
		OBJ_30 /* SoftBreak.swift */ = {isa = PBXFileReference; lastKnownFileType = sourcecode.swift; path = SoftBreak.swift; sourceTree = "<group>"; };
		OBJ_31 /* Strong.swift */ = {isa = PBXFileReference; lastKnownFileType = sourcecode.swift; path = Strong.swift; sourceTree = "<group>"; };
		OBJ_32 /* Text.swift */ = {isa = PBXFileReference; lastKnownFileType = sourcecode.swift; path = Text.swift; sourceTree = "<group>"; };
		OBJ_33 /* ThematicBreak.swift */ = {isa = PBXFileReference; lastKnownFileType = sourcecode.swift; path = ThematicBreak.swift; sourceTree = "<group>"; };
		OBJ_36 /* ColorCollection.swift */ = {isa = PBXFileReference; lastKnownFileType = sourcecode.swift; path = ColorCollection.swift; sourceTree = "<group>"; };
		OBJ_37 /* FontCollection.swift */ = {isa = PBXFileReference; lastKnownFileType = sourcecode.swift; path = FontCollection.swift; sourceTree = "<group>"; };
		OBJ_38 /* ParagraphStyleCollection.swift */ = {isa = PBXFileReference; lastKnownFileType = sourcecode.swift; path = ParagraphStyleCollection.swift; sourceTree = "<group>"; };
		OBJ_40 /* BlockBackgroundColorAttribute.swift */ = {isa = PBXFileReference; lastKnownFileType = sourcecode.swift; path = BlockBackgroundColorAttribute.swift; sourceTree = "<group>"; };
		OBJ_41 /* QuoteStripeAttribute.swift */ = {isa = PBXFileReference; lastKnownFileType = sourcecode.swift; path = QuoteStripeAttribute.swift; sourceTree = "<group>"; };
		OBJ_42 /* ThematicBreakAttribute.swift */ = {isa = PBXFileReference; lastKnownFileType = sourcecode.swift; path = ThematicBreakAttribute.swift; sourceTree = "<group>"; };
		OBJ_45 /* CGPoint+Translate.swift */ = {isa = PBXFileReference; lastKnownFileType = sourcecode.swift; path = "CGPoint+Translate.swift"; sourceTree = "<group>"; };
		OBJ_46 /* CGRect+Helpers.swift */ = {isa = PBXFileReference; lastKnownFileType = sourcecode.swift; path = "CGRect+Helpers.swift"; sourceTree = "<group>"; };
		OBJ_47 /* NSAttributedString+Helpers.swift */ = {isa = PBXFileReference; lastKnownFileType = sourcecode.swift; path = "NSAttributedString+Helpers.swift"; sourceTree = "<group>"; };
		OBJ_48 /* NSMutableAttributedString+Attributes.swift */ = {isa = PBXFileReference; lastKnownFileType = sourcecode.swift; path = "NSMutableAttributedString+Attributes.swift"; sourceTree = "<group>"; };
		OBJ_49 /* UIFont+Traits.swift */ = {isa = PBXFileReference; lastKnownFileType = sourcecode.swift; path = "UIFont+Traits.swift"; sourceTree = "<group>"; };
		OBJ_50 /* ListItemParagraphStyler.swift */ = {isa = PBXFileReference; lastKnownFileType = sourcecode.swift; path = ListItemParagraphStyler.swift; sourceTree = "<group>"; };
		OBJ_52 /* DownDebugLayoutManager.swift */ = {isa = PBXFileReference; lastKnownFileType = sourcecode.swift; path = DownDebugLayoutManager.swift; sourceTree = "<group>"; };
		OBJ_53 /* DownLayoutManager.swift */ = {isa = PBXFileReference; lastKnownFileType = sourcecode.swift; path = DownLayoutManager.swift; sourceTree = "<group>"; };
		OBJ_55 /* CodeBlockOptions.swift */ = {isa = PBXFileReference; lastKnownFileType = sourcecode.swift; path = CodeBlockOptions.swift; sourceTree = "<group>"; };
		OBJ_56 /* ListItemOptions.swift */ = {isa = PBXFileReference; lastKnownFileType = sourcecode.swift; path = ListItemOptions.swift; sourceTree = "<group>"; };
		OBJ_57 /* QuoteStripeOptions.swift */ = {isa = PBXFileReference; lastKnownFileType = sourcecode.swift; path = QuoteStripeOptions.swift; sourceTree = "<group>"; };
		OBJ_58 /* ThematicBreakOptions.swift */ = {isa = PBXFileReference; lastKnownFileType = sourcecode.swift; path = ThematicBreakOptions.swift; sourceTree = "<group>"; };
		OBJ_6 /* Package.swift */ = {isa = PBXFileReference; explicitFileType = sourcecode.swift; path = Package.swift; sourceTree = "<group>"; };
		OBJ_60 /* DownStyler.swift */ = {isa = PBXFileReference; lastKnownFileType = sourcecode.swift; path = DownStyler.swift; sourceTree = "<group>"; };
		OBJ_61 /* DownStylerConfiguration.swift */ = {isa = PBXFileReference; lastKnownFileType = sourcecode.swift; path = DownStylerConfiguration.swift; sourceTree = "<group>"; };
		OBJ_62 /* Styler.swift */ = {isa = PBXFileReference; lastKnownFileType = sourcecode.swift; path = Styler.swift; sourceTree = "<group>"; };
		OBJ_64 /* DownDebugTextView.swift */ = {isa = PBXFileReference; lastKnownFileType = sourcecode.swift; path = DownDebugTextView.swift; sourceTree = "<group>"; };
		OBJ_65 /* DownTextView.swift */ = {isa = PBXFileReference; lastKnownFileType = sourcecode.swift; path = DownTextView.swift; sourceTree = "<group>"; };
		OBJ_67 /* AttributedStringVisitor.swift */ = {isa = PBXFileReference; lastKnownFileType = sourcecode.swift; path = AttributedStringVisitor.swift; sourceTree = "<group>"; };
		OBJ_68 /* DebugVisitor.swift */ = {isa = PBXFileReference; lastKnownFileType = sourcecode.swift; path = DebugVisitor.swift; sourceTree = "<group>"; };
		OBJ_69 /* ListItemPrefixGenerator.swift */ = {isa = PBXFileReference; lastKnownFileType = sourcecode.swift; path = ListItemPrefixGenerator.swift; sourceTree = "<group>"; };
		OBJ_70 /* Vistor.swift */ = {isa = PBXFileReference; lastKnownFileType = sourcecode.swift; path = Vistor.swift; sourceTree = "<group>"; };
		OBJ_71 /* Down.swift */ = {isa = PBXFileReference; lastKnownFileType = sourcecode.swift; path = Down.swift; sourceTree = "<group>"; };
		OBJ_73 /* DownErrors.swift */ = {isa = PBXFileReference; lastKnownFileType = sourcecode.swift; path = DownErrors.swift; sourceTree = "<group>"; };
		OBJ_74 /* DownOptions.swift */ = {isa = PBXFileReference; lastKnownFileType = sourcecode.swift; path = DownOptions.swift; sourceTree = "<group>"; };
		OBJ_76 /* NSAttributedString+HTML.swift */ = {isa = PBXFileReference; lastKnownFileType = sourcecode.swift; path = "NSAttributedString+HTML.swift"; sourceTree = "<group>"; };
		OBJ_77 /* String+ToHTML.swift */ = {isa = PBXFileReference; lastKnownFileType = sourcecode.swift; path = "String+ToHTML.swift"; sourceTree = "<group>"; };
		OBJ_79 /* DownASTRenderable.swift */ = {isa = PBXFileReference; lastKnownFileType = sourcecode.swift; path = DownASTRenderable.swift; sourceTree = "<group>"; };
		OBJ_80 /* DownAttributedStringRenderable.swift */ = {isa = PBXFileReference; lastKnownFileType = sourcecode.swift; path = DownAttributedStringRenderable.swift; sourceTree = "<group>"; };
		OBJ_81 /* DownCommonMarkRenderable.swift */ = {isa = PBXFileReference; lastKnownFileType = sourcecode.swift; path = DownCommonMarkRenderable.swift; sourceTree = "<group>"; };
		OBJ_82 /* DownGroffRenderable.swift */ = {isa = PBXFileReference; lastKnownFileType = sourcecode.swift; path = DownGroffRenderable.swift; sourceTree = "<group>"; };
		OBJ_83 /* DownHTMLRenderable.swift */ = {isa = PBXFileReference; lastKnownFileType = sourcecode.swift; path = DownHTMLRenderable.swift; sourceTree = "<group>"; };
		OBJ_84 /* DownLaTeXRenderable.swift */ = {isa = PBXFileReference; lastKnownFileType = sourcecode.swift; path = DownLaTeXRenderable.swift; sourceTree = "<group>"; };
		OBJ_85 /* DownRenderable.swift */ = {isa = PBXFileReference; lastKnownFileType = sourcecode.swift; path = DownRenderable.swift; sourceTree = "<group>"; };
		OBJ_86 /* DownXMLRenderable.swift */ = {isa = PBXFileReference; lastKnownFileType = sourcecode.swift; path = DownXMLRenderable.swift; sourceTree = "<group>"; };
		OBJ_88 /* DownView.swift */ = {isa = PBXFileReference; lastKnownFileType = sourcecode.swift; path = DownView.swift; sourceTree = "<group>"; };
		OBJ_9 /* Down.h */ = {isa = PBXFileReference; lastKnownFileType = sourcecode.c.h; path = Down.h; sourceTree = "<group>"; };
		OBJ_90 /* cmark_export.h */ = {isa = PBXFileReference; lastKnownFileType = sourcecode.c.h; path = cmark_export.h; sourceTree = "<group>"; };
		OBJ_91 /* config.h */ = {isa = PBXFileReference; lastKnownFileType = sourcecode.c.h; path = config.h; sourceTree = "<group>"; };
		OBJ_92 /* chunk.h */ = {isa = PBXFileReference; lastKnownFileType = sourcecode.c.h; path = chunk.h; sourceTree = "<group>"; };
		OBJ_93 /* case_fold_switch.inc */ = {isa = PBXFileReference; lastKnownFileType = sourcecode.pascal; path = case_fold_switch.inc; sourceTree = "<group>"; };
		OBJ_94 /* entities.inc */ = {isa = PBXFileReference; lastKnownFileType = sourcecode.pascal; path = entities.inc; sourceTree = "<group>"; };
		OBJ_95 /* parser.h */ = {isa = PBXFileReference; lastKnownFileType = sourcecode.c.h; path = parser.h; sourceTree = "<group>"; };
		OBJ_96 /* scanners.h */ = {isa = PBXFileReference; lastKnownFileType = sourcecode.c.h; path = scanners.h; sourceTree = "<group>"; };
		OBJ_97 /* node.h */ = {isa = PBXFileReference; lastKnownFileType = sourcecode.c.h; path = node.h; sourceTree = "<group>"; };
		OBJ_98 /* cmark_version.h */ = {isa = PBXFileReference; lastKnownFileType = sourcecode.c.h; path = cmark_version.h; sourceTree = "<group>"; };
		OBJ_99 /* cmark_ctype.h */ = {isa = PBXFileReference; lastKnownFileType = sourcecode.c.h; path = cmark_ctype.h; sourceTree = "<group>"; };
/* End PBXFileReference section */

/* Begin PBXFrameworksBuildPhase section */
		OBJ_262 /* Frameworks */ = {
			isa = PBXFrameworksBuildPhase;
			buildActionMask = 0;
			files = (
			);
			runOnlyForDeploymentPostprocessing = 0;
		};
		OBJ_291 /* Frameworks */ = {
			isa = PBXFrameworksBuildPhase;
			buildActionMask = 0;
			files = (
				OBJ_292 /* Down.framework in Frameworks */,
			);
			runOnlyForDeploymentPostprocessing = 0;
		};
/* End PBXFrameworksBuildPhase section */

/* Begin PBXGroup section */
		OBJ_10 /* AST */ = {
			isa = PBXGroup;
			children = (
				OBJ_11 /* Nodes */,
				OBJ_34 /* Styling */,
				OBJ_66 /* Visitors */,
			);
			path = AST;
			sourceTree = "<group>";
		};
		OBJ_11 /* Nodes */ = {
			isa = PBXGroup;
			children = (
				OBJ_12 /* BaseNode.swift */,
				OBJ_13 /* BlockQuote.swift */,
				OBJ_14 /* Code.swift */,
				OBJ_15 /* CodeBlock.swift */,
				OBJ_16 /* CustomBlock.swift */,
				OBJ_17 /* CustomInline.swift */,
				OBJ_18 /* Document.swift */,
				OBJ_19 /* Emphasis.swift */,
				OBJ_20 /* Heading.swift */,
				OBJ_21 /* HtmlBlock.swift */,
				OBJ_22 /* HtmlInline.swift */,
				OBJ_23 /* Image.swift */,
				OBJ_24 /* Item.swift */,
				OBJ_25 /* LineBreak.swift */,
				OBJ_26 /* Link.swift */,
				OBJ_27 /* List.swift */,
				OBJ_28 /* Node.swift */,
				OBJ_29 /* Paragraph.swift */,
				OBJ_30 /* SoftBreak.swift */,
				OBJ_31 /* Strong.swift */,
				OBJ_32 /* Text.swift */,
				OBJ_33 /* ThematicBreak.swift */,
			);
			path = Nodes;
			sourceTree = "<group>";
		};
		OBJ_164 /* Tests */ = {
			isa = PBXGroup;
			children = (
				OBJ_165 /* AST */,
				OBJ_168 /* BindingTests.swift */,
				OBJ_169 /* NSAttributedStringTests.swift */,
				OBJ_170 /* StringTests.swift */,
				OBJ_171 /* Styler */,
			);
			path = Tests;
			sourceTree = SOURCE_ROOT;
		};
		OBJ_165 /* AST */ = {
			isa = PBXGroup;
			children = (
				OBJ_166 /* ListItemPrefixGeneratorTests.swift */,
				OBJ_167 /* NodeTests.swift */,
			);
			path = AST;
			sourceTree = "<group>";
		};
		OBJ_171 /* Styler */ = {
			isa = PBXGroup;
			children = (
				OBJ_172 /* Helpers */,
			);
			path = Styler;
			sourceTree = "<group>";
		};
		OBJ_172 /* Helpers */ = {
			isa = PBXGroup;
			children = (
				OBJ_173 /* CGPoint_TranslateTests.swift */,
				OBJ_174 /* CGRect_HelpersTests.swift */,
				OBJ_175 /* NSAttributedString+HelpersTests.swift */,
				OBJ_176 /* NSMutableAttributedString+AttributesTests.swift */,
			);
			path = Helpers;
			sourceTree = "<group>";
		};
		OBJ_177 /* Products */ = {
			isa = PBXGroup;
			children = (
				"Down::Down::Product" /* Down.framework */,
				"Down::DownTests::Product" /* DownTests.xctest */,
			);
			name = Products;
			sourceTree = BUILT_PRODUCTS_DIR;
		};
		OBJ_34 /* Styling */ = {
			isa = PBXGroup;
			children = (
				OBJ_35 /* Attribute Collections */,
				OBJ_39 /* Custom Attributes */,
				OBJ_43 /* Helpers */,
				OBJ_51 /* Layout Managers */,
				OBJ_54 /* Options */,
				OBJ_59 /* Stylers */,
				OBJ_63 /* Text Views */,
			);
			path = Styling;
			sourceTree = "<group>";
		};
		OBJ_35 /* Attribute Collections */ = {
			isa = PBXGroup;
			children = (
				OBJ_36 /* ColorCollection.swift */,
				OBJ_37 /* FontCollection.swift */,
				OBJ_38 /* ParagraphStyleCollection.swift */,
			);
			path = "Attribute Collections";
			sourceTree = "<group>";
		};
		OBJ_39 /* Custom Attributes */ = {
			isa = PBXGroup;
			children = (
				OBJ_40 /* BlockBackgroundColorAttribute.swift */,
				OBJ_41 /* QuoteStripeAttribute.swift */,
				OBJ_42 /* ThematicBreakAttribute.swift */,
			);
			path = "Custom Attributes";
			sourceTree = "<group>";
		};
		OBJ_43 /* Helpers */ = {
			isa = PBXGroup;
			children = (
				OBJ_44 /* Extensions */,
				OBJ_50 /* ListItemParagraphStyler.swift */,
			);
			path = Helpers;
			sourceTree = "<group>";
		};
		OBJ_44 /* Extensions */ = {
			isa = PBXGroup;
			children = (
				OBJ_45 /* CGPoint+Translate.swift */,
				OBJ_46 /* CGRect+Helpers.swift */,
				OBJ_47 /* NSAttributedString+Helpers.swift */,
				OBJ_48 /* NSMutableAttributedString+Attributes.swift */,
				OBJ_49 /* UIFont+Traits.swift */,
			);
			path = Extensions;
			sourceTree = "<group>";
		};
		OBJ_5 = {
			isa = PBXGroup;
			children = (
				75DA0B5B2436026000586EF0 /* DownView.bundle */,
				OBJ_6 /* Package.swift */,
				OBJ_7 /* Sources */,
				OBJ_164 /* Tests */,
				OBJ_177 /* Products */,
				OBJ_181 /* docker */,
				OBJ_182 /* Images */,
				OBJ_183 /* DownSnapshotTests */,
				OBJ_184 /* Resources */,
				OBJ_185 /* Carthage */,
				OBJ_186 /* Down-Example */,
				OBJ_187 /* Cartfile.resolved */,
				OBJ_188 /* codecov.yml */,
				OBJ_189 /* LICENSE */,
				OBJ_190 /* CHANGELOG.md */,
				OBJ_191 /* README.md */,
				OBJ_192 /* Down.podspec */,
				OBJ_193 /* Cartfile.private */,
			);
			sourceTree = "<group>";
		};
		OBJ_51 /* Layout Managers */ = {
			isa = PBXGroup;
			children = (
				OBJ_52 /* DownDebugLayoutManager.swift */,
				OBJ_53 /* DownLayoutManager.swift */,
			);
			path = "Layout Managers";
			sourceTree = "<group>";
		};
		OBJ_54 /* Options */ = {
			isa = PBXGroup;
			children = (
				OBJ_55 /* CodeBlockOptions.swift */,
				OBJ_56 /* ListItemOptions.swift */,
				OBJ_57 /* QuoteStripeOptions.swift */,
				OBJ_58 /* ThematicBreakOptions.swift */,
			);
			path = Options;
			sourceTree = "<group>";
		};
		OBJ_59 /* Stylers */ = {
			isa = PBXGroup;
			children = (
				OBJ_60 /* DownStyler.swift */,
				OBJ_61 /* DownStylerConfiguration.swift */,
				OBJ_62 /* Styler.swift */,
			);
			path = Stylers;
			sourceTree = "<group>";
		};
		OBJ_63 /* Text Views */ = {
			isa = PBXGroup;
			children = (
				OBJ_64 /* DownDebugTextView.swift */,
				OBJ_65 /* DownTextView.swift */,
			);
			path = "Text Views";
			sourceTree = "<group>";
		};
		OBJ_66 /* Visitors */ = {
			isa = PBXGroup;
			children = (
				OBJ_67 /* AttributedStringVisitor.swift */,
				OBJ_68 /* DebugVisitor.swift */,
				OBJ_69 /* ListItemPrefixGenerator.swift */,
				OBJ_70 /* Vistor.swift */,
			);
			path = Visitors;
			sourceTree = "<group>";
		};
		OBJ_7 /* Sources */ = {
			isa = PBXGroup;
			children = (
				OBJ_8 /* Down */,
				OBJ_89 /* libcmark */,
			);
			name = Sources;
			sourceTree = SOURCE_ROOT;
		};
		OBJ_72 /* Enums & Options */ = {
			isa = PBXGroup;
			children = (
				OBJ_73 /* DownErrors.swift */,
				OBJ_74 /* DownOptions.swift */,
			);
			path = "Enums & Options";
			sourceTree = "<group>";
		};
		OBJ_75 /* Extensions */ = {
			isa = PBXGroup;
			children = (
				OBJ_76 /* NSAttributedString+HTML.swift */,
				OBJ_77 /* String+ToHTML.swift */,
			);
			path = Extensions;
			sourceTree = "<group>";
		};
		OBJ_78 /* Renderers */ = {
			isa = PBXGroup;
			children = (
				OBJ_79 /* DownASTRenderable.swift */,
				OBJ_80 /* DownAttributedStringRenderable.swift */,
				OBJ_81 /* DownCommonMarkRenderable.swift */,
				OBJ_82 /* DownGroffRenderable.swift */,
				OBJ_83 /* DownHTMLRenderable.swift */,
				OBJ_84 /* DownLaTeXRenderable.swift */,
				OBJ_85 /* DownRenderable.swift */,
				OBJ_86 /* DownXMLRenderable.swift */,
			);
			path = Renderers;
			sourceTree = "<group>";
		};
		OBJ_8 /* Down */ = {
			isa = PBXGroup;
			children = (
				OBJ_9 /* Down.h */,
				OBJ_10 /* AST */,
				OBJ_71 /* Down.swift */,
				OBJ_72 /* Enums & Options */,
				OBJ_75 /* Extensions */,
				OBJ_78 /* Renderers */,
				OBJ_87 /* Views */,
			);
			name = Down;
			path = Source;
			sourceTree = SOURCE_ROOT;
		};
		OBJ_87 /* Views */ = {
			isa = PBXGroup;
			children = (
				OBJ_88 /* DownView.swift */,
			);
			path = Views;
			sourceTree = "<group>";
		};
		OBJ_89 /* libcmark */ = {
			isa = PBXGroup;
			children = (
				OBJ_90 /* cmark_export.h */,
				OBJ_91 /* config.h */,
				OBJ_92 /* chunk.h */,
				OBJ_93 /* case_fold_switch.inc */,
				OBJ_94 /* entities.inc */,
				OBJ_95 /* parser.h */,
				OBJ_96 /* scanners.h */,
				OBJ_97 /* node.h */,
				OBJ_98 /* cmark_version.h */,
				OBJ_99 /* cmark_ctype.h */,
				OBJ_100 /* buffer.h */,
				OBJ_101 /* COPYING */,
				OBJ_102 /* cmark.h */,
				OBJ_103 /* inlines.h */,
				OBJ_104 /* houdini.h */,
				OBJ_105 /* iterator.h */,
				OBJ_106 /* utf8.h */,
				OBJ_107 /* references.h */,
				OBJ_108 /* render.h */,
				OBJ_109 /* cmark_export.h */,
				OBJ_110 /* config.h */,
				OBJ_111 /* chunk.h */,
				OBJ_112 /* case_fold_switch.inc */,
				OBJ_113 /* entities.inc */,
				OBJ_114 /* parser.h */,
				OBJ_115 /* scanners.h */,
				OBJ_116 /* node.h */,
				OBJ_117 /* cmark_version.h */,
				OBJ_118 /* cmark_ctype.h */,
				OBJ_119 /* buffer.h */,
				OBJ_120 /* COPYING */,
				OBJ_121 /* cmark.h */,
				OBJ_122 /* inlines.h */,
				OBJ_123 /* houdini.h */,
				OBJ_124 /* iterator.h */,
				OBJ_125 /* utf8.h */,
				OBJ_126 /* references.h */,
				OBJ_127 /* render.h */,
				OBJ_128 /* blocks.c */,
				OBJ_129 /* buffer.c */,
				OBJ_130 /* cmark.c */,
				OBJ_131 /* cmark_ctype.c */,
				OBJ_132 /* commonmark.c */,
				OBJ_133 /* houdini_href_e.c */,
				OBJ_134 /* houdini_html_e.c */,
				OBJ_135 /* houdini_html_u.c */,
				OBJ_136 /* html.c */,
				OBJ_137 /* inlines.c */,
				OBJ_138 /* iterator.c */,
				OBJ_139 /* latex.c */,
				OBJ_140 /* man.c */,
				OBJ_141 /* node.c */,
				OBJ_142 /* references.c */,
				OBJ_143 /* render.c */,
				OBJ_144 /* scanners.c */,
				OBJ_145 /* utf8.c */,
				OBJ_146 /* xml.c */,
				OBJ_147 /* cmark_export.h */,
				OBJ_148 /* config.h */,
				OBJ_149 /* chunk.h */,
				OBJ_150 /* parser.h */,
				OBJ_151 /* scanners.h */,
				OBJ_152 /* node.h */,
				OBJ_153 /* cmark_version.h */,
				OBJ_154 /* cmark_ctype.h */,
				OBJ_155 /* buffer.h */,
				OBJ_156 /* cmark.h */,
				OBJ_157 /* inlines.h */,
				OBJ_158 /* houdini.h */,
				OBJ_159 /* iterator.h */,
				OBJ_160 /* utf8.h */,
				OBJ_161 /* references.h */,
				OBJ_162 /* render.h */,
				OBJ_163 /* module.modulemap */,
			);
			name = libcmark;
			path = Source/cmark;
			sourceTree = SOURCE_ROOT;
		};
/* End PBXGroup section */

/* Begin PBXHeadersBuildPhase section */
		75DA0AAA243600EA00586EF0 /* Headers */ = {
			isa = PBXHeadersBuildPhase;
			buildActionMask = 2147483647;
			files = (
				75DA0B47243601F100586EF0 /* cmark_export.h in Headers */,
				75DA0B48243601F100586EF0 /* config.h in Headers */,
				75DA0B49243601F100586EF0 /* chunk.h in Headers */,
				75DA0B4A243601F100586EF0 /* parser.h in Headers */,
				75DA0B4B243601F100586EF0 /* scanners.h in Headers */,
				75DA0B4C243601F100586EF0 /* node.h in Headers */,
				75DA0B4D243601F100586EF0 /* cmark_version.h in Headers */,
				75DA0B4E243601F100586EF0 /* cmark_ctype.h in Headers */,
				75DA0B4F243601F100586EF0 /* buffer.h in Headers */,
				75DA0B50243601F100586EF0 /* cmark.h in Headers */,
				75DA0B51243601F100586EF0 /* inlines.h in Headers */,
				75DA0B52243601F100586EF0 /* houdini.h in Headers */,
				75DA0B53243601F100586EF0 /* iterator.h in Headers */,
				75DA0B54243601F100586EF0 /* utf8.h in Headers */,
				75DA0B55243601F100586EF0 /* references.h in Headers */,
				75DA0B56243601F100586EF0 /* render.h in Headers */,
			);
			runOnlyForDeploymentPostprocessing = 0;
		};
/* End PBXHeadersBuildPhase section */

/* Begin PBXNativeTarget section */
		"Down::Down" /* Down */ = {
			isa = PBXNativeTarget;
			buildConfigurationList = OBJ_195 /* Build configuration list for PBXNativeTarget "Down" */;
			buildPhases = (
				75DA0AAA243600EA00586EF0 /* Headers */,
				OBJ_198 /* Sources */,
				OBJ_262 /* Frameworks */,
				75DA0B572436020F00586EF0 /* Resources */,
			);
			buildRules = (
			);
			dependencies = (
			);
			name = Down;
			productName = Down;
			productReference = "Down::Down::Product" /* Down.framework */;
			productType = "com.apple.product-type.framework";
		};
		"Down::DownTests" /* DownTests */ = {
			isa = PBXNativeTarget;
			buildConfigurationList = OBJ_278 /* Build configuration list for PBXNativeTarget "DownTests" */;
			buildPhases = (
				OBJ_281 /* Sources */,
				OBJ_291 /* Frameworks */,
			);
			buildRules = (
			);
			dependencies = (
				OBJ_294 /* PBXTargetDependency */,
			);
			name = DownTests;
			productName = DownTests;
			productReference = "Down::DownTests::Product" /* DownTests.xctest */;
			productType = "com.apple.product-type.bundle.unit-test";
		};
/* End PBXNativeTarget section */

/* Begin PBXProject section */
		OBJ_1 /* Project object */ = {
			isa = PBXProject;
			attributes = {
				LastSwiftMigration = 9999;
				LastUpgradeCheck = 9999;
			};
			buildConfigurationList = OBJ_2 /* Build configuration list for PBXProject "Down" */;
			compatibilityVersion = "Xcode 3.2";
			developmentRegion = en;
			hasScannedForEncodings = 0;
			knownRegions = (
				en,
			);
			mainGroup = OBJ_5;
			productRefGroup = OBJ_177 /* Products */;
			projectDirPath = "";
			projectRoot = "";
			targets = (
				"Down::Down" /* Down */,
				"Down::DownTests" /* DownTests */,
			);
		};
/* End PBXProject section */

/* Begin PBXResourcesBuildPhase section */
		75DA0B572436020F00586EF0 /* Resources */ = {
			isa = PBXResourcesBuildPhase;
			buildActionMask = 2147483647;
			files = (
				75DA0B582436022900586EF0 /* Cartfile.private in Resources */,
				75DA0B5C2436026000586EF0 /* DownView.bundle in Resources */,
			);
			runOnlyForDeploymentPostprocessing = 0;
		};
/* End PBXResourcesBuildPhase section */

/* Begin PBXSourcesBuildPhase section */
		OBJ_198 /* Sources */ = {
			isa = PBXSourcesBuildPhase;
			buildActionMask = 0;
			files = (
				75DA0B5D2436047E00586EF0 /* blocks.c in Sources */,
				75DA0B5E2436047E00586EF0 /* buffer.c in Sources */,
				75DA0B5F2436047E00586EF0 /* cmark.c in Sources */,
				75DA0B602436047E00586EF0 /* cmark_ctype.c in Sources */,
				75DA0B612436047E00586EF0 /* commonmark.c in Sources */,
				75DA0B622436047E00586EF0 /* houdini_href_e.c in Sources */,
				75DA0B632436047E00586EF0 /* houdini_html_e.c in Sources */,
				75DA0B642436047E00586EF0 /* houdini_html_u.c in Sources */,
				75DA0B652436047E00586EF0 /* html.c in Sources */,
				75DA0B662436047E00586EF0 /* inlines.c in Sources */,
				75DA0B672436047E00586EF0 /* iterator.c in Sources */,
				75DA0B682436047E00586EF0 /* latex.c in Sources */,
				75DA0B692436047E00586EF0 /* man.c in Sources */,
				75DA0B6A2436047E00586EF0 /* node.c in Sources */,
				75DA0B6B2436047E00586EF0 /* references.c in Sources */,
				75DA0B6C2436047E00586EF0 /* render.c in Sources */,
				75DA0B6D2436047E00586EF0 /* scanners.c in Sources */,
				75DA0B6E2436047E00586EF0 /* utf8.c in Sources */,
				75DA0B6F2436047E00586EF0 /* xml.c in Sources */,
				OBJ_199 /* BaseNode.swift in Sources */,
				OBJ_200 /* BlockQuote.swift in Sources */,
				OBJ_201 /* Code.swift in Sources */,
				OBJ_202 /* CodeBlock.swift in Sources */,
				OBJ_203 /* CustomBlock.swift in Sources */,
				OBJ_204 /* CustomInline.swift in Sources */,
				OBJ_205 /* Document.swift in Sources */,
				OBJ_206 /* Emphasis.swift in Sources */,
				OBJ_207 /* Heading.swift in Sources */,
				OBJ_208 /* HtmlBlock.swift in Sources */,
				OBJ_209 /* HtmlInline.swift in Sources */,
				OBJ_210 /* Image.swift in Sources */,
				OBJ_211 /* Item.swift in Sources */,
				OBJ_212 /* LineBreak.swift in Sources */,
				OBJ_213 /* Link.swift in Sources */,
				OBJ_214 /* List.swift in Sources */,
				OBJ_215 /* Node.swift in Sources */,
				OBJ_216 /* Paragraph.swift in Sources */,
				OBJ_217 /* SoftBreak.swift in Sources */,
				OBJ_218 /* Strong.swift in Sources */,
				OBJ_219 /* Text.swift in Sources */,
				OBJ_220 /* ThematicBreak.swift in Sources */,
				OBJ_221 /* ColorCollection.swift in Sources */,
				OBJ_222 /* FontCollection.swift in Sources */,
				OBJ_223 /* ParagraphStyleCollection.swift in Sources */,
				OBJ_224 /* BlockBackgroundColorAttribute.swift in Sources */,
				OBJ_225 /* QuoteStripeAttribute.swift in Sources */,
				OBJ_226 /* ThematicBreakAttribute.swift in Sources */,
				OBJ_227 /* CGPoint+Translate.swift in Sources */,
				OBJ_228 /* CGRect+Helpers.swift in Sources */,
				OBJ_229 /* NSAttributedString+Helpers.swift in Sources */,
				OBJ_230 /* NSMutableAttributedString+Attributes.swift in Sources */,
				OBJ_231 /* UIFont+Traits.swift in Sources */,
				OBJ_232 /* ListItemParagraphStyler.swift in Sources */,
				OBJ_233 /* DownDebugLayoutManager.swift in Sources */,
				OBJ_234 /* DownLayoutManager.swift in Sources */,
				OBJ_235 /* CodeBlockOptions.swift in Sources */,
				OBJ_236 /* ListItemOptions.swift in Sources */,
				OBJ_237 /* QuoteStripeOptions.swift in Sources */,
				OBJ_238 /* ThematicBreakOptions.swift in Sources */,
				OBJ_239 /* DownStyler.swift in Sources */,
				OBJ_240 /* DownStylerConfiguration.swift in Sources */,
				OBJ_241 /* Styler.swift in Sources */,
				OBJ_242 /* DownDebugTextView.swift in Sources */,
				OBJ_243 /* DownTextView.swift in Sources */,
				OBJ_244 /* AttributedStringVisitor.swift in Sources */,
				OBJ_245 /* DebugVisitor.swift in Sources */,
				OBJ_246 /* ListItemPrefixGenerator.swift in Sources */,
				OBJ_247 /* Vistor.swift in Sources */,
				OBJ_248 /* Down.swift in Sources */,
				OBJ_249 /* DownErrors.swift in Sources */,
				OBJ_250 /* DownOptions.swift in Sources */,
				OBJ_251 /* NSAttributedString+HTML.swift in Sources */,
				OBJ_252 /* String+ToHTML.swift in Sources */,
				OBJ_253 /* DownASTRenderable.swift in Sources */,
				OBJ_254 /* DownAttributedStringRenderable.swift in Sources */,
				OBJ_255 /* DownCommonMarkRenderable.swift in Sources */,
				OBJ_256 /* DownGroffRenderable.swift in Sources */,
				OBJ_257 /* DownHTMLRenderable.swift in Sources */,
				OBJ_258 /* DownLaTeXRenderable.swift in Sources */,
				OBJ_259 /* DownRenderable.swift in Sources */,
				OBJ_260 /* DownXMLRenderable.swift in Sources */,
				OBJ_261 /* DownView.swift in Sources */,
			);
			runOnlyForDeploymentPostprocessing = 0;
		};
		OBJ_281 /* Sources */ = {
			isa = PBXSourcesBuildPhase;
			buildActionMask = 0;
			files = (
				OBJ_282 /* ListItemPrefixGeneratorTests.swift in Sources */,
				OBJ_283 /* NodeTests.swift in Sources */,
				OBJ_284 /* BindingTests.swift in Sources */,
				OBJ_285 /* NSAttributedStringTests.swift in Sources */,
				OBJ_286 /* StringTests.swift in Sources */,
				OBJ_287 /* CGPoint_TranslateTests.swift in Sources */,
				OBJ_288 /* CGRect_HelpersTests.swift in Sources */,
				OBJ_289 /* NSAttributedString+HelpersTests.swift in Sources */,
				OBJ_290 /* NSMutableAttributedString+AttributesTests.swift in Sources */,
			);
			runOnlyForDeploymentPostprocessing = 0;
		};
/* End PBXSourcesBuildPhase section */

/* Begin PBXTargetDependency section */
		OBJ_294 /* PBXTargetDependency */ = {
			isa = PBXTargetDependency;
			target = "Down::Down" /* Down */;
			targetProxy = 75C5113C2435F9FF00AD917C /* PBXContainerItemProxy */;
		};
/* End PBXTargetDependency section */

/* Begin XCBuildConfiguration section */
		OBJ_196 /* Debug */ = {
			isa = XCBuildConfiguration;
			buildSettings = {
				ENABLE_TESTABILITY = YES;
				FRAMEWORK_SEARCH_PATHS = (
					"$(inherited)",
					"$(PLATFORM_DIR)/Developer/Library/Frameworks",
				);
				HEADER_SEARCH_PATHS = (
					"$(inherited)",
					"$(SRCROOT)/Source/cmark",
				);
				INFOPLIST_FILE = Down.xcodeproj/Down_Info.plist;
				IPHONEOS_DEPLOYMENT_TARGET = 9.3;
				LD_RUNPATH_SEARCH_PATHS = "$(inherited) $(TOOLCHAIN_DIR)/usr/lib/swift/macosx";
				MACOSX_DEPLOYMENT_TARGET = 10.15;
				OTHER_CFLAGS = "$(inherited)";
				OTHER_LDFLAGS = "$(inherited)";
				OTHER_SWIFT_FLAGS = "$(inherited) -Xcc -fmodule-map-file=$(SRCROOT)/Down.xcodeproj/GeneratedModuleMap/libcmark/module.modulemap";
				PRODUCT_BUNDLE_IDENTIFIER = Down;
				PRODUCT_MODULE_NAME = "$(TARGET_NAME:c99extidentifier)";
				PRODUCT_NAME = "$(TARGET_NAME:c99extidentifier)";
				SKIP_INSTALL = YES;
				SWIFT_ACTIVE_COMPILATION_CONDITIONS = "$(inherited)";
				SWIFT_INCLUDE_PATHS = "${SRCROOT}/Source/cmark";
				SWIFT_VERSION = 5.0;
				TARGET_NAME = Down;
				TVOS_DEPLOYMENT_TARGET = 9.0;
				WATCHOS_DEPLOYMENT_TARGET = 2.0;
			};
			name = Debug;
		};
		OBJ_197 /* Release */ = {
			isa = XCBuildConfiguration;
			buildSettings = {
				ENABLE_TESTABILITY = YES;
				FRAMEWORK_SEARCH_PATHS = (
					"$(inherited)",
					"$(PLATFORM_DIR)/Developer/Library/Frameworks",
				);
				HEADER_SEARCH_PATHS = (
					"$(inherited)",
					"$(SRCROOT)/Source/cmark",
				);
				INFOPLIST_FILE = Down.xcodeproj/Down_Info.plist;
				IPHONEOS_DEPLOYMENT_TARGET = 9.3;
				LD_RUNPATH_SEARCH_PATHS = "$(inherited) $(TOOLCHAIN_DIR)/usr/lib/swift/macosx";
				MACOSX_DEPLOYMENT_TARGET = 10.15;
				OTHER_CFLAGS = "$(inherited)";
				OTHER_LDFLAGS = "$(inherited)";
				OTHER_SWIFT_FLAGS = "$(inherited) -Xcc -fmodule-map-file=$(SRCROOT)/Down.xcodeproj/GeneratedModuleMap/libcmark/module.modulemap";
				PRODUCT_BUNDLE_IDENTIFIER = Down;
				PRODUCT_MODULE_NAME = "$(TARGET_NAME:c99extidentifier)";
				PRODUCT_NAME = "$(TARGET_NAME:c99extidentifier)";
				SKIP_INSTALL = YES;
				SWIFT_ACTIVE_COMPILATION_CONDITIONS = "$(inherited)";
				SWIFT_INCLUDE_PATHS = "${SRCROOT}/Source/cmark";
				SWIFT_VERSION = 5.0;
				TARGET_NAME = Down;
				TVOS_DEPLOYMENT_TARGET = 9.0;
				WATCHOS_DEPLOYMENT_TARGET = 2.0;
			};
			name = Release;
		};
		OBJ_279 /* Debug */ = {
			isa = XCBuildConfiguration;
			buildSettings = {
				CLANG_ENABLE_MODULES = YES;
				EMBEDDED_CONTENT_CONTAINS_SWIFT = YES;
				FRAMEWORK_SEARCH_PATHS = (
					"$(inherited)",
					"$(PLATFORM_DIR)/Developer/Library/Frameworks",
				);
				HEADER_SEARCH_PATHS = (
					"$(inherited)",
					"$(SRCROOT)/Source/cmark",
					"$(SRCROOT)/Down.xcodeproj/GeneratedModuleMap/libcmark",
				);
				INFOPLIST_FILE = Down.xcodeproj/DownTests_Info.plist;
				IPHONEOS_DEPLOYMENT_TARGET = 8.0;
				LD_RUNPATH_SEARCH_PATHS = "$(inherited) @loader_path/../Frameworks @loader_path/Frameworks";
				MACOSX_DEPLOYMENT_TARGET = 10.10;
				OTHER_CFLAGS = "$(inherited)";
				OTHER_LDFLAGS = "$(inherited)";
				OTHER_SWIFT_FLAGS = "$(inherited) -Xcc -fmodule-map-file=$(SRCROOT)/Down.xcodeproj/GeneratedModuleMap/libcmark/module.modulemap";
				SWIFT_ACTIVE_COMPILATION_CONDITIONS = "$(inherited)";
				SWIFT_VERSION = 5.0;
				TARGET_NAME = DownTests;
				TVOS_DEPLOYMENT_TARGET = 9.0;
				WATCHOS_DEPLOYMENT_TARGET = 2.0;
			};
			name = Debug;
		};
		OBJ_280 /* Release */ = {
			isa = XCBuildConfiguration;
			buildSettings = {
				CLANG_ENABLE_MODULES = YES;
				EMBEDDED_CONTENT_CONTAINS_SWIFT = YES;
				FRAMEWORK_SEARCH_PATHS = (
					"$(inherited)",
					"$(PLATFORM_DIR)/Developer/Library/Frameworks",
				);
				HEADER_SEARCH_PATHS = (
					"$(inherited)",
					"$(SRCROOT)/Source/cmark",
					"$(SRCROOT)/Down.xcodeproj/GeneratedModuleMap/libcmark",
				);
				INFOPLIST_FILE = Down.xcodeproj/DownTests_Info.plist;
				IPHONEOS_DEPLOYMENT_TARGET = 8.0;
				LD_RUNPATH_SEARCH_PATHS = "$(inherited) @loader_path/../Frameworks @loader_path/Frameworks";
				MACOSX_DEPLOYMENT_TARGET = 10.10;
				OTHER_CFLAGS = "$(inherited)";
				OTHER_LDFLAGS = "$(inherited)";
				OTHER_SWIFT_FLAGS = "$(inherited) -Xcc -fmodule-map-file=$(SRCROOT)/Down.xcodeproj/GeneratedModuleMap/libcmark/module.modulemap";
				SWIFT_ACTIVE_COMPILATION_CONDITIONS = "$(inherited)";
				SWIFT_VERSION = 5.0;
				TARGET_NAME = DownTests;
				TVOS_DEPLOYMENT_TARGET = 9.0;
				WATCHOS_DEPLOYMENT_TARGET = 2.0;
			};
			name = Release;
		};
		OBJ_3 /* Debug */ = {
			isa = XCBuildConfiguration;
			buildSettings = {
				CLANG_ENABLE_OBJC_ARC = YES;
				COMBINE_HIDPI_IMAGES = YES;
				COPY_PHASE_STRIP = NO;
				DEBUG_INFORMATION_FORMAT = dwarf;
				DYLIB_INSTALL_NAME_BASE = "@rpath";
				ENABLE_NS_ASSERTIONS = YES;
				GCC_OPTIMIZATION_LEVEL = 0;
				GCC_PREPROCESSOR_DEFINITIONS = (
					"$(inherited)",
					"SWIFT_PACKAGE=1",
					"DEBUG=1",
				);
				MACOSX_DEPLOYMENT_TARGET = 10.10;
				ONLY_ACTIVE_ARCH = YES;
				OTHER_SWIFT_FLAGS = "$(inherited) -DXcode";
				PRODUCT_NAME = "$(TARGET_NAME)";
				SDKROOT = iphoneos;
				SUPPORTED_PLATFORMS = "macosx iphoneos iphonesimulator appletvos appletvsimulator watchos watchsimulator";
				SWIFT_ACTIVE_COMPILATION_CONDITIONS = "$(inherited) SWIFT_PACKAGE DEBUG";
				SWIFT_OPTIMIZATION_LEVEL = "-Onone";
				TARGETED_DEVICE_FAMILY = "1,2";
				USE_HEADERMAP = NO;
			};
			name = Debug;
		};
		OBJ_4 /* Release */ = {
			isa = XCBuildConfiguration;
			buildSettings = {
				CLANG_ENABLE_OBJC_ARC = YES;
				COMBINE_HIDPI_IMAGES = YES;
				COPY_PHASE_STRIP = YES;
				DEBUG_INFORMATION_FORMAT = "dwarf-with-dsym";
				DYLIB_INSTALL_NAME_BASE = "@rpath";
				GCC_OPTIMIZATION_LEVEL = s;
				GCC_PREPROCESSOR_DEFINITIONS = (
					"$(inherited)",
					"SWIFT_PACKAGE=1",
				);
				MACOSX_DEPLOYMENT_TARGET = 10.10;
				OTHER_SWIFT_FLAGS = "$(inherited) -DXcode";
				PRODUCT_NAME = "$(TARGET_NAME)";
				SDKROOT = iphoneos;
				SUPPORTED_PLATFORMS = "macosx iphoneos iphonesimulator appletvos appletvsimulator watchos watchsimulator";
				SWIFT_ACTIVE_COMPILATION_CONDITIONS = "$(inherited) SWIFT_PACKAGE";
				SWIFT_OPTIMIZATION_LEVEL = "-Owholemodule";
				TARGETED_DEVICE_FAMILY = "1,2";
				USE_HEADERMAP = NO;
			};
			name = Release;
		};
/* End XCBuildConfiguration section */

/* Begin XCConfigurationList section */
		OBJ_195 /* Build configuration list for PBXNativeTarget "Down" */ = {
			isa = XCConfigurationList;
			buildConfigurations = (
				OBJ_196 /* Debug */,
				OBJ_197 /* Release */,
			);
			defaultConfigurationIsVisible = 0;
			defaultConfigurationName = Release;
		};
		OBJ_2 /* Build configuration list for PBXProject "Down" */ = {
			isa = XCConfigurationList;
			buildConfigurations = (
				OBJ_3 /* Debug */,
				OBJ_4 /* Release */,
			);
			defaultConfigurationIsVisible = 0;
			defaultConfigurationName = Release;
		};
		OBJ_278 /* Build configuration list for PBXNativeTarget "DownTests" */ = {
			isa = XCConfigurationList;
			buildConfigurations = (
				OBJ_279 /* Debug */,
				OBJ_280 /* Release */,
			);
			defaultConfigurationIsVisible = 0;
			defaultConfigurationName = Release;
		};
/* End XCConfigurationList section */
	};
	rootObject = OBJ_1 /* Project object */;
}
